
Microsoft Visual Studio Solution File, Format Version 12.00
# Visual Studio 15
VisualStudioVersion = 15.0.35213.121
MinimumVisualStudioVersion = 10.0.40219.1
Project("{FAE04EC0-301F-11D3-BF4B-00C04F79EFBC}") = "bağımlılık ve toplama3", "bağımlılık ve toplama3\bağımlılık ve toplama3.csproj", "{D47DD7A4-099D-4422-9FF7-A8105F74F4F6}"
EndProject
Global
	GlobalSection(SolutionConfigurationPlatforms) = preSolution
		Debug|Any CPU = Debug|Any CPU
		Release|Any CPU = Release|Any CPU
	EndGlobalSection
	GlobalSection(ProjectConfigurationPlatforms) = postSolution
		{D47DD7A4-099D-4422-9FF7-A8105F74F4F6}.Debug|Any CPU.ActiveCfg = Debug|Any CPU
		{D47DD7A4-099D-4422-9FF7-A8105F74F4F6}.Debug|Any CPU.Build.0 = Debug|Any CPU
		{D47DD7A4-099D-4422-9FF7-A8105F74F4F6}.Release|Any CPU.ActiveCfg = Release|Any CPU
		{D47DD7A4-099D-4422-9FF7-A8105F74F4F6}.Release|Any CPU.Build.0 = Release|Any CPU
	EndGlobalSection
	GlobalSection(SolutionProperties) = preSolution
		HideSolutionNode = FALSE
	EndGlobalSection
	GlobalSection(ExtensibilityGlobals) = postSolution
		SolutionGuid = {72B176CB-FEE2-4739-985E-02073A2B137F}
	EndGlobalSection
EndGlobal
